
Microsoft Visual Studio Solution File, Format Version 12.00
# Visual Studio Version 17
VisualStudioVersion = 17.11.35327.3
MinimumVisualStudioVersion = 10.0.40219.1
Project("{FAE04EC0-301F-11D3-BF4B-00C04F79EFBC}") = "Döngülerle Pratik Uygulamalar", "Döngülerle Pratik Uygulamalar.csproj", "{D983D62F-B8FB-44A3-9C9D-3BC879E45468}"
EndProject
Global
	GlobalSection(SolutionConfigurationPlatforms) = preSolution
		Debug|Any CPU = Debug|Any CPU
		Release|Any CPU = Release|Any CPU
	EndGlobalSection
	GlobalSection(ProjectConfigurationPlatforms) = postSolution
		{D983D62F-B8FB-44A3-9C9D-3BC879E45468}.Debug|Any CPU.ActiveCfg = Debug|Any CPU
		{D983D62F-B8FB-44A3-9C9D-3BC879E45468}.Debug|Any CPU.Build.0 = Debug|Any CPU
		{D983D62F-B8FB-44A3-9C9D-3BC879E45468}.Release|Any CPU.ActiveCfg = Release|Any CPU
		{D983D62F-B8FB-44A3-9C9D-3BC879E45468}.Release|Any CPU.Build.0 = Release|Any CPU
	EndGlobalSection
	GlobalSection(SolutionProperties) = preSolution
		HideSolutionNode = FALSE
	EndGlobalSection
	GlobalSection(ExtensibilityGlobals) = postSolution
		SolutionGuid = {94197C41-638D-4A8F-AEEB-E51E954BD330}
	EndGlobalSection
EndGlobal
