
Microsoft Visual Studio Solution File, Format Version 12.00
# Visual Studio Version 17
VisualStudioVersion = 17.11.35327.3
MinimumVisualStudioVersion = 10.0.40219.1
Project("{FAE04EC0-301F-11D3-BF4B-00C04F79EFBC}") = "4. Hafta - Donguler", "4. Hafta - Donguler.csproj", "{E3D0E7A1-1BF9-4F4A-AB81-D2D4CC6DE62B}"
EndProject
Global
	GlobalSection(SolutionConfigurationPlatforms) = preSolution
		Debug|Any CPU = Debug|Any CPU
		Release|Any CPU = Release|Any CPU
	EndGlobalSection
	GlobalSection(ProjectConfigurationPlatforms) = postSolution
		{E3D0E7A1-1BF9-4F4A-AB81-D2D4CC6DE62B}.Debug|Any CPU.ActiveCfg = Debug|Any CPU
		{E3D0E7A1-1BF9-4F4A-AB81-D2D4CC6DE62B}.Debug|Any CPU.Build.0 = Debug|Any CPU
		{E3D0E7A1-1BF9-4F4A-AB81-D2D4CC6DE62B}.Release|Any CPU.ActiveCfg = Release|Any CPU
		{E3D0E7A1-1BF9-4F4A-AB81-D2D4CC6DE62B}.Release|Any CPU.Build.0 = Release|Any CPU
	EndGlobalSection
	GlobalSection(SolutionProperties) = preSolution
		HideSolutionNode = FALSE
	EndGlobalSection
	GlobalSection(ExtensibilityGlobals) = postSolution
		SolutionGuid = {EF1AA10F-93B7-48B9-BA8B-AF272A3E1FF2}
	EndGlobalSection
EndGlobal
